
Microsoft Visual Studio Solution File, Format Version 12.00
# Visual Studio Version 16
VisualStudioVersion = 16.0.32510.428
MinimumVisualStudioVersion = 10.0.40219.1
Project("{FAE04EC0-301F-11D3-BF4B-00C04F79EFBC}") = "HW04BookStore", "HW04BookStore.csproj", "{590D0D00-E198-4E72-95EE-A3B45B65E959}"
EndProject
Global
	GlobalSection(SolutionConfigurationPlatforms) = preSolution
		Debug|Any CPU = Debug|Any CPU
		Release|Any CPU = Release|Any CPU
	EndGlobalSection
	GlobalSection(ProjectConfigurationPlatforms) = postSolution
		{590D0D00-E198-4E72-95EE-A3B45B65E959}.Debug|Any CPU.ActiveCfg = Debug|Any CPU
		{590D0D00-E198-4E72-95EE-A3B45B65E959}.Debug|Any CPU.Build.0 = Debug|Any CPU
		{590D0D00-E198-4E72-95EE-A3B45B65E959}.Release|Any CPU.ActiveCfg = Release|Any CPU
		{590D0D00-E198-4E72-95EE-A3B45B65E959}.Release|Any CPU.Build.0 = Release|Any CPU
	EndGlobalSection
	GlobalSection(SolutionProperties) = preSolution
		HideSolutionNode = FALSE
	EndGlobalSection
	GlobalSection(ExtensibilityGlobals) = postSolution
		SolutionGuid = {375D5449-C4D6-4737-A537-40DD21602399}
	EndGlobalSection
EndGlobal
